Microsoft Visual Studio Solution File, Format Version 12.00
# Visual Studio Version 17
VisualStudioVersion = 17.5.2.0
MinimumVisualStudioVersion = 10.0.40219.1
Project("{FAE04EC0-301F-11D3-BF4B-00C04F79EFBC}") = "eshoppingzone", "eshoppingzone\eshoppingzone.csproj", "{4017A948-F00B-2C3B-18B1-651FE57D0B5B}"
EndProject
Global
	GlobalSection(SolutionConfigurationPlatforms) = preSolution
		Debug|Any CPU = Debug|Any CPU
		Release|Any CPU = Release|Any CPU
	EndGlobalSection
	GlobalSection(ProjectConfigurationPlatforms) = postSolution
		{4017A948-F00B-2C3B-18B1-651FE57D0B5B}.Debug|Any CPU.ActiveCfg = Debug|Any CPU
		{4017A948-F00B-2C3B-18B1-651FE57D0B5B}.Debug|Any CPU.Build.0 = Debug|Any CPU
		{4017A948-F00B-2C3B-18B1-651FE57D0B5B}.Release|Any CPU.ActiveCfg = Release|Any CPU
		{4017A948-F00B-2C3B-18B1-651FE57D0B5B}.Release|Any CPU.Build.0 = Release|Any CPU
	EndGlobalSection
	GlobalSection(SolutionProperties) = preSolution
		HideSolutionNode = FALSE
	EndGlobalSection
	GlobalSection(ExtensibilityGlobals) = postSolution
		SolutionGuid = {BBF31748-5AC7-47C3-BD5F-ABC4C0772055}
	EndGlobalSection
EndGlobal
